
Microsoft Visual Studio Solution File, Format Version 12.00
# Visual Studio Version 17
VisualStudioVersion = 17.11.35208.52
MinimumVisualStudioVersion = 10.0.40219.1
Project("{FAE04EC0-301F-11D3-BF4B-00C04F79EFBC}") = "CH1toCH2", "CH1toCH2\CH1toCH2.csproj", "{80BD6234-22D9-4C8B-87A4-FDD8F4F50483}"
EndProject
Global
	GlobalSection(SolutionConfigurationPlatforms) = preSolution
		Debug|Any CPU = Debug|Any CPU
		Release|Any CPU = Release|Any CPU
	EndGlobalSection
	GlobalSection(ProjectConfigurationPlatforms) = postSolution
		{80BD6234-22D9-4C8B-87A4-FDD8F4F50483}.Debug|Any CPU.ActiveCfg = Debug|Any CPU
		{80BD6234-22D9-4C8B-87A4-FDD8F4F50483}.Debug|Any CPU.Build.0 = Debug|Any CPU
		{80BD6234-22D9-4C8B-87A4-FDD8F4F50483}.Release|Any CPU.ActiveCfg = Release|Any CPU
		{80BD6234-22D9-4C8B-87A4-FDD8F4F50483}.Release|Any CPU.Build.0 = Release|Any CPU
	EndGlobalSection
	GlobalSection(SolutionProperties) = preSolution
		HideSolutionNode = FALSE
	EndGlobalSection
	GlobalSection(ExtensibilityGlobals) = postSolution
		SolutionGuid = {D6256C78-3007-4CE7-8584-B93C0A919319}
	EndGlobalSection
EndGlobal
